
Microsoft Visual Studio Solution File, Format Version 12.00
# Visual Studio Version 16
VisualStudioVersion = 16.0.30523.141
MinimumVisualStudioVersion = 10.0.40219.1
Project("{9A19103F-16F7-4668-BE54-9A1E7A4F7556}") = "AspnetCrashCourse", "AspnetCrashCourse\AspnetCrashCourse.csproj", "{D2B9AFAC-760B-491C-BB02-1B87E5CA2744}"
EndProject
Project("{9A19103F-16F7-4668-BE54-9A1E7A4F7556}") = "AspnetCrashCourse.Schema", "AspnetCrashCourse.Schema\AspnetCrashCourse.Schema.csproj", "{AAD94108-82BD-4371-9053-17EA5E829A2D}"
EndProject
Project("{9A19103F-16F7-4668-BE54-9A1E7A4F7556}") = "AspnetCrashCourse.Logic", "AspnetCrashCourse.Logic\AspnetCrashCourse.Logic.csproj", "{33B1337A-82B7-494D-98CB-3EBDEC30BD2E}"
EndProject
Global
	GlobalSection(SolutionConfigurationPlatforms) = preSolution
		Debug|Any CPU = Debug|Any CPU
		Release|Any CPU = Release|Any CPU
	EndGlobalSection
	GlobalSection(ProjectConfigurationPlatforms) = postSolution
		{D2B9AFAC-760B-491C-BB02-1B87E5CA2744}.Debug|Any CPU.ActiveCfg = Debug|Any CPU
		{D2B9AFAC-760B-491C-BB02-1B87E5CA2744}.Debug|Any CPU.Build.0 = Debug|Any CPU
		{D2B9AFAC-760B-491C-BB02-1B87E5CA2744}.Release|Any CPU.ActiveCfg = Release|Any CPU
		{D2B9AFAC-760B-491C-BB02-1B87E5CA2744}.Release|Any CPU.Build.0 = Release|Any CPU
		{AAD94108-82BD-4371-9053-17EA5E829A2D}.Debug|Any CPU.ActiveCfg = Debug|Any CPU
		{AAD94108-82BD-4371-9053-17EA5E829A2D}.Debug|Any CPU.Build.0 = Debug|Any CPU
		{AAD94108-82BD-4371-9053-17EA5E829A2D}.Release|Any CPU.ActiveCfg = Release|Any CPU
		{AAD94108-82BD-4371-9053-17EA5E829A2D}.Release|Any CPU.Build.0 = Release|Any CPU
		{33B1337A-82B7-494D-98CB-3EBDEC30BD2E}.Debug|Any CPU.ActiveCfg = Debug|Any CPU
		{33B1337A-82B7-494D-98CB-3EBDEC30BD2E}.Debug|Any CPU.Build.0 = Debug|Any CPU
		{33B1337A-82B7-494D-98CB-3EBDEC30BD2E}.Release|Any CPU.ActiveCfg = Release|Any CPU
		{33B1337A-82B7-494D-98CB-3EBDEC30BD2E}.Release|Any CPU.Build.0 = Release|Any CPU
	EndGlobalSection
	GlobalSection(SolutionProperties) = preSolution
		HideSolutionNode = FALSE
	EndGlobalSection
	GlobalSection(ExtensibilityGlobals) = postSolution
		SolutionGuid = {CDE39BF9-E71D-4EAE-8AEF-13A315F759A9}
	EndGlobalSection
EndGlobal
